
Microsoft Visual Studio Solution File, Format Version 12.00
# Visual Studio Version 17
VisualStudioVersion = 17.6.33829.357
MinimumVisualStudioVersion = 10.0.40219.1
Project("{FAE04EC0-301F-11D3-BF4B-00C04F79EFBC}") = "RSSFeedAggregator", "RSSFeedAggregator\RSSFeedAggregator.csproj", "{3BC70D9A-2D9C-4D57-8FC2-8E12F02FB240}"
EndProject
Global
	GlobalSection(SolutionConfigurationPlatforms) = preSolution
		Debug|Any CPU = Debug|Any CPU
		Release|Any CPU = Release|Any CPU
	EndGlobalSection
	GlobalSection(ProjectConfigurationPlatforms) = postSolution
		{3BC70D9A-2D9C-4D57-8FC2-8E12F02FB240}.Debug|Any CPU.ActiveCfg = Debug|Any CPU
		{3BC70D9A-2D9C-4D57-8FC2-8E12F02FB240}.Debug|Any CPU.Build.0 = Debug|Any CPU
		{3BC70D9A-2D9C-4D57-8FC2-8E12F02FB240}.Release|Any CPU.ActiveCfg = Release|Any CPU
		{3BC70D9A-2D9C-4D57-8FC2-8E12F02FB240}.Release|Any CPU.Build.0 = Release|Any CPU
	EndGlobalSection
	GlobalSection(SolutionProperties) = preSolution
		HideSolutionNode = FALSE
	EndGlobalSection
	GlobalSection(ExtensibilityGlobals) = postSolution
		SolutionGuid = {EFE3767C-28C0-471A-9910-DCCA2FAF749E}
	EndGlobalSection
EndGlobal
